
Microsoft Visual Studio Solution File, Format Version 12.00
# Visual Studio Version 17
VisualStudioVersion = 17.7.34031.279
MinimumVisualStudioVersion = 10.0.40219.1
Project("{9A19103F-16F7-4668-BE54-9A1E7A4F7556}") = "SimpleChatApi", "SimpleChatApi.csproj", "{C7384B35-0347-4A75-AE11-F822DB30A355}"
EndProject
Project("{9A19103F-16F7-4668-BE54-9A1E7A4F7556}") = "WpfApp1", "..\WpfApp1\WpfApp1.csproj", "{8AA726F5-6AB1-4150-AAD8-34056E4E67C9}"
EndProject
Project("{9A19103F-16F7-4668-BE54-9A1E7A4F7556}") = "SimpleChatApi.IntegrationTests", "..\SimpleChatApi.InregrationTests\SimpleChatApi.IntegrationTests.csproj", "{EBE187A9-391D-4A89-8332-FC5E571F8B18}"
EndProject
Global
	GlobalSection(SolutionConfigurationPlatforms) = preSolution
		Debug|Any CPU = Debug|Any CPU
		Release|Any CPU = Release|Any CPU
	EndGlobalSection
	GlobalSection(ProjectConfigurationPlatforms) = postSolution
		{C7384B35-0347-4A75-AE11-F822DB30A355}.Debug|Any CPU.ActiveCfg = Debug|Any CPU
		{C7384B35-0347-4A75-AE11-F822DB30A355}.Debug|Any CPU.Build.0 = Debug|Any CPU
		{C7384B35-0347-4A75-AE11-F822DB30A355}.Release|Any CPU.ActiveCfg = Release|Any CPU
		{C7384B35-0347-4A75-AE11-F822DB30A355}.Release|Any CPU.Build.0 = Release|Any CPU
		{8AA726F5-6AB1-4150-AAD8-34056E4E67C9}.Debug|Any CPU.ActiveCfg = Debug|Any CPU
		{8AA726F5-6AB1-4150-AAD8-34056E4E67C9}.Debug|Any CPU.Build.0 = Debug|Any CPU
		{8AA726F5-6AB1-4150-AAD8-34056E4E67C9}.Release|Any CPU.ActiveCfg = Release|Any CPU
		{8AA726F5-6AB1-4150-AAD8-34056E4E67C9}.Release|Any CPU.Build.0 = Release|Any CPU
		{EBE187A9-391D-4A89-8332-FC5E571F8B18}.Debug|Any CPU.ActiveCfg = Debug|Any CPU
		{EBE187A9-391D-4A89-8332-FC5E571F8B18}.Debug|Any CPU.Build.0 = Debug|Any CPU
		{EBE187A9-391D-4A89-8332-FC5E571F8B18}.Release|Any CPU.ActiveCfg = Release|Any CPU
		{EBE187A9-391D-4A89-8332-FC5E571F8B18}.Release|Any CPU.Build.0 = Release|Any CPU
	EndGlobalSection
	GlobalSection(SolutionProperties) = preSolution
		HideSolutionNode = FALSE
	EndGlobalSection
	GlobalSection(ExtensibilityGlobals) = postSolution
		SolutionGuid = {0DAD80DF-B680-4D03-9359-48A0636DB93C}
	EndGlobalSection
EndGlobal
